
Microsoft Visual Studio Solution File, Format Version 12.00
# Visual Studio Version 17
VisualStudioVersion = 17.3.32922.545
MinimumVisualStudioVersion = 10.0.40219.1
Project("{2150E333-8FDC-42A3-9474-1A3956D46DE8}") = "SRC", "SRC", "{BEA7A52B-3769-4726-9C78-C95587D8A5B7}"
EndProject
Project("{2150E333-8FDC-42A3-9474-1A3956D46DE8}") = "WebApi", "WebApi", "{2A785615-59B1-4B6C-8FF3-B4E0DE9D50F1}"
EndProject
Project("{9A19103F-16F7-4668-BE54-9A1E7A4F7556}") = "DukkanTek.WebApi", "DukkanTek.WebApi\DukkanTek.WebApi.csproj", "{05CF35C0-7B9A-443E-9633-FE68B6972B53}"
EndProject
Project("{2150E333-8FDC-42A3-9474-1A3956D46DE8}") = "Application", "Application", "{619C5B33-D5BD-41DA-AECA-9BBB23617E6F}"
EndProject
Project("{2150E333-8FDC-42A3-9474-1A3956D46DE8}") = "Infrastructure", "Infrastructure", "{259EB3FE-6C6B-4E18-8875-D52D6DE2696F}"
EndProject
Project("{2150E333-8FDC-42A3-9474-1A3956D46DE8}") = "Models", "Models", "{08354BE5-9F79-4526-BFE8-E92C9FD9D51E}"
EndProject
Project("{2150E333-8FDC-42A3-9474-1A3956D46DE8}") = "Data", "Data", "{BFAC0A9B-3968-44BA-8E8D-4A19BB3F89B2}"
EndProject
Project("{FAE04EC0-301F-11D3-BF4B-00C04F79EFBC}") = "DukkanTek.Infrastructure.Data", "DukkanTek.Infrastructure.Data\DukkanTek.Infrastructure.Data.csproj", "{BD137515-D896-4728-BE5E-9AF55741E805}"
EndProject
Project("{FAE04EC0-301F-11D3-BF4B-00C04F79EFBC}") = "DukkanTek.Application", "DukkanTek.Application\DukkanTek.Application.csproj", "{5D89FEC2-913A-48AE-86C4-E5859A3488C6}"
EndProject
Project("{FAE04EC0-301F-11D3-BF4B-00C04F79EFBC}") = "DukkanTek.Models", "DukkanTek.Models\DukkanTek.Models.csproj", "{B47386F7-33C2-4F5A-B063-63E4A8E0C226}"
EndProject
Global
	GlobalSection(SolutionConfigurationPlatforms) = preSolution
		Debug|Any CPU = Debug|Any CPU
		Release|Any CPU = Release|Any CPU
	EndGlobalSection
	GlobalSection(ProjectConfigurationPlatforms) = postSolution
		{05CF35C0-7B9A-443E-9633-FE68B6972B53}.Debug|Any CPU.ActiveCfg = Debug|Any CPU
		{05CF35C0-7B9A-443E-9633-FE68B6972B53}.Debug|Any CPU.Build.0 = Debug|Any CPU
		{05CF35C0-7B9A-443E-9633-FE68B6972B53}.Release|Any CPU.ActiveCfg = Release|Any CPU
		{05CF35C0-7B9A-443E-9633-FE68B6972B53}.Release|Any CPU.Build.0 = Release|Any CPU
		{BD137515-D896-4728-BE5E-9AF55741E805}.Debug|Any CPU.ActiveCfg = Debug|Any CPU
		{BD137515-D896-4728-BE5E-9AF55741E805}.Debug|Any CPU.Build.0 = Debug|Any CPU
		{BD137515-D896-4728-BE5E-9AF55741E805}.Release|Any CPU.ActiveCfg = Release|Any CPU
		{BD137515-D896-4728-BE5E-9AF55741E805}.Release|Any CPU.Build.0 = Release|Any CPU
		{5D89FEC2-913A-48AE-86C4-E5859A3488C6}.Debug|Any CPU.ActiveCfg = Debug|Any CPU
		{5D89FEC2-913A-48AE-86C4-E5859A3488C6}.Debug|Any CPU.Build.0 = Debug|Any CPU
		{5D89FEC2-913A-48AE-86C4-E5859A3488C6}.Release|Any CPU.ActiveCfg = Release|Any CPU
		{5D89FEC2-913A-48AE-86C4-E5859A3488C6}.Release|Any CPU.Build.0 = Release|Any CPU
		{B47386F7-33C2-4F5A-B063-63E4A8E0C226}.Debug|Any CPU.ActiveCfg = Debug|Any CPU
		{B47386F7-33C2-4F5A-B063-63E4A8E0C226}.Debug|Any CPU.Build.0 = Debug|Any CPU
		{B47386F7-33C2-4F5A-B063-63E4A8E0C226}.Release|Any CPU.ActiveCfg = Release|Any CPU
		{B47386F7-33C2-4F5A-B063-63E4A8E0C226}.Release|Any CPU.Build.0 = Release|Any CPU
	EndGlobalSection
	GlobalSection(SolutionProperties) = preSolution
		HideSolutionNode = FALSE
	EndGlobalSection
	GlobalSection(NestedProjects) = preSolution
		{2A785615-59B1-4B6C-8FF3-B4E0DE9D50F1} = {BEA7A52B-3769-4726-9C78-C95587D8A5B7}
		{05CF35C0-7B9A-443E-9633-FE68B6972B53} = {2A785615-59B1-4B6C-8FF3-B4E0DE9D50F1}
		{619C5B33-D5BD-41DA-AECA-9BBB23617E6F} = {BEA7A52B-3769-4726-9C78-C95587D8A5B7}
		{259EB3FE-6C6B-4E18-8875-D52D6DE2696F} = {BEA7A52B-3769-4726-9C78-C95587D8A5B7}
		{08354BE5-9F79-4526-BFE8-E92C9FD9D51E} = {BEA7A52B-3769-4726-9C78-C95587D8A5B7}
		{BFAC0A9B-3968-44BA-8E8D-4A19BB3F89B2} = {259EB3FE-6C6B-4E18-8875-D52D6DE2696F}
		{BD137515-D896-4728-BE5E-9AF55741E805} = {BFAC0A9B-3968-44BA-8E8D-4A19BB3F89B2}
		{5D89FEC2-913A-48AE-86C4-E5859A3488C6} = {619C5B33-D5BD-41DA-AECA-9BBB23617E6F}
		{B47386F7-33C2-4F5A-B063-63E4A8E0C226} = {08354BE5-9F79-4526-BFE8-E92C9FD9D51E}
	EndGlobalSection
	GlobalSection(ExtensibilityGlobals) = postSolution
		SolutionGuid = {6BB032DE-18E0-4ED2-8B86-BB3C54036963}
	EndGlobalSection
EndGlobal
